// !$*UTF8*$!
{
	archiveVersion = 1;
	classes = {
	};
	objectVersion = 46;
	objects = {

/* Begin PBXBuildFile section */
		501C4C5F1A9FE4BD0096945D /* main.cpp in Sources */ = {isa = PBXBuildFile; fileRef = 501C4C5E1A9FE4BD0096945D /* main.cpp */; };
/* End PBXBuildFile section */

/* Begin PBXCopyFilesBuildPhase section */
		501C4C591A9FE4BD0096945D /* CopyFiles */ = {
			isa = PBXCopyFilesBuildPhase;
			buildActionMask = 2147483647;
			dstPath = /usr/share/man/man1/;
			dstSubfolderSpec = 0;
			files = (
			);
			runOnlyForDeploymentPostprocessing = 1;
		};
/* End PBXCopyFilesBuildPhase section */

/* Begin PBXFileReference section */
		501C4C5B1A9FE4BD0096945D /* Circle_class */ = {isa = PBXFileReference; explicitFileType = "compiled.mach-o.executable"; includeInIndex = 0; path = Circle_class; sourceTree = BUILT_PRODUCTS_DIR; };
		501C4C5E1A9FE4BD0096945D /* main.cpp */ = {isa = PBXFileReference; lastKnownFileType = sourcecode.cpp.cpp; path = main.cpp; sourceTree = "<group>"; };
/* End PBXFileReference section */

/* Begin PBXFrameworksBuildPhase section */
		501C4C581A9FE4BD0096945D /* Frameworks */ = {
			isa = PBXFrameworksBuildPhase;
			buildActionMask = 2147483647;
			files = (
			);
			runOnlyForDeploymentPostprocessing = 0;
		};
/* End PBXFrameworksBuildPhase section */

/* Begin PBXGroup section */
		501C4C521A9FE4BD0096945D = {
			isa = PBXGroup;
			children = (
				501C4C5D1A9FE4BD0096945D /* Circle_class */,
				501C4C5C1A9FE4BD0096945D /* Products */,
			);
			sourceTree = "<group>";
		};
		501C4C5C1A9FE4BD0096945D /* Products */ = {
			isa = PBXGroup;
			children = (
				501C4C5B1A9FE4BD0096945D /* Circle_class */,
			);
			name = Products;
			sourceTree = "<group>";
		};
		501C4C5D1A9FE4BD0096945D /* Circle_class */ = {
			isa = PBXGroup;
			children = (
				501C4C5E1A9FE4BD0096945D /* main.cpp */,
			);
			path = Circle_class;
			sourceTree = "<group>";
		};
/* End PBXGroup section */

/* Begin PBXNativeTarget section */
		501C4C5A1A9FE4BD0096945D /* Circle_class */ = {
			isa = PBXNativeTarget;
			buildConfigurationList = 501C4C621A9FE4BD0096945D /* Build configuration list for PBXNativeTarget "Circle_class" */;
			buildPhases = (
				501C4C571A9FE4BD0096945D /* Sources */,
				501C4C581A9FE4BD0096945D /* Frameworks */,
				501C4C591A9FE4BD0096945D /* CopyFiles */,
			);
			buildRules = (
			);
			dependencies = (
			);
			name = Circle_class;
			productName = Circle_class;
			productReference = 501C4C5B1A9FE4BD0096945D /* Circle_class */;
			productType = "com.apple.product-type.tool";
		};
/* End PBXNativeTarget section */

/* Begin PBXProject section */
		501C4C531A9FE4BD0096945D /* Project object */ = {
			isa = PBXProject;
			attributes = {
				LastUpgradeCheck = 0610;
				ORGANIZATIONNAME = "Maximilian Lemos";
				TargetAttributes = {
					501C4C5A1A9FE4BD0096945D = {
						CreatedOnToolsVersion = 6.1.1;
					};
				};
			};
			buildConfigurationList = 501C4C561A9FE4BD0096945D /* Build configuration list for PBXProject "Circle_class" */;
			compatibilityVersion = "Xcode 3.2";
			developmentRegion = English;
			hasScannedForEncodings = 0;
			knownRegions = (
				en,
			);
			mainGroup = 501C4C521A9FE4BD0096945D;
			productRefGroup = 501C4C5C1A9FE4BD0096945D /* Products */;
			projectDirPath = "";
			projectRoot = "";
			targets = (
				501C4C5A1A9FE4BD0096945D /* Circle_class */,
			);
		};
/* End PBXProject section */

/* Begin PBXSourcesBuildPhase section */
		501C4C571A9FE4BD0096945D /* Sources */ = {
			isa = PBXSourcesBuildPhase;
			buildActionMask = 2147483647;
			files = (
				501C4C5F1A9FE4BD0096945D /* main.cpp in Sources */,
			);
			runOnlyForDeploymentPostprocessing = 0;
		};
/* End PBXSourcesBuildPhase section */

/* Begin XCBuildConfiguration section */
		501C4C601A9FE4BD0096945D /* Debug */ = {
			isa = XCBuildConfiguration;
			buildSettings = {
				ALWAYS_SEARCH_USER_PATHS = NO;
				CLANG_CXX_LANGUAGE_STANDARD = "gnu++0x";
				CLANG_CXX_LIBRARY = "libc++";
				CLANG_ENABLE_MODULES = YES;
				CLANG_ENABLE_OBJC_ARC = YES;
				CLANG_WARN_BOOL_CONVERSION = YES;
				CLANG_WARN_CONSTANT_CONVERSION = YES;
				CLANG_WARN_DIRECT_OBJC_ISA_USAGE = YES_ERROR;
				CLANG_WARN_EMPTY_BODY = YES;
				CLANG_WARN_ENUM_CONVERSION = YES;
				CLANG_WARN_INT_CONVERSION = YES;
				CLANG_WARN_OBJC_ROOT_CLASS = YES_ERROR;
				CLANG_WARN_UNREACHABLE_CODE = YES;
				CLANG_WARN__DUPLICATE_METHOD_MATCH = YES;
				COPY_PHASE_STRIP = NO;
				ENABLE_STRICT_OBJC_MSGSEND = YES;
				GCC_C_LANGUAGE_STANDARD = gnu99;
				GCC_DYNAMIC_NO_PIC = NO;
				GCC_OPTIMIZATION_LEVEL = 0;
				GCC_PREPROCESSOR_DEFINITIONS = (
					"DEBUG=1",
					"$(inherited)",
				);
				GCC_SYMBOLS_PRIVATE_EXTERN = NO;
				GCC_WARN_64_TO_32_BIT_CONVERSION = YES;
				GCC_WARN_ABOUT_RETURN_TYPE = YES_ERROR;
				GCC_WARN_UNDECLARED_SELECTOR = YES;
				GCC_WARN_UNINITIALIZED_AUTOS = YES_AGGRESSIVE;
				GCC_WARN_UNUSED_FUNCTION = YES;
				GCC_WARN_UNUSED_VARIABLE = YES;
				MACOSX_DEPLOYMENT_TARGET = 10.10;
				MTL_ENABLE_DEBUG_INFO = YES;
				ONLY_ACTIVE_ARCH = YES;
				SDKROOT = macosx;
			};
			name = Debug;
		};
		501C4C611A9FE4BD0096945D /* Release */ = {
			isa = XCBuildConfiguration;
			buildSettings = {
				ALWAYS_SEARCH_USER_PATHS = NO;
				CLANG_CXX_LANGUAGE_STANDARD = "gnu++0x";
				CLANG_CXX_LIBRARY = "libc++";
				CLANG_ENABLE_MODULES = YES;
				CLANG_ENABLE_OBJC_ARC = YES;
				CLANG_WARN_BOOL_CONVERSION = YES;
				CLANG_WARN_CONSTANT_CONVERSION = YES;
				CLANG_WARN_DIRECT_OBJC_ISA_USAGE = YES_ERROR;
				CLANG_WARN_EMPTY_BODY = YES;
				CLANG_WARN_ENUM_CONVERSION = YES;
				CLANG_WARN_INT_CONVERSION = YES;
				CLANG_WARN_OBJC_ROOT_CLASS = YES_ERROR;
				CLANG_WARN_UNREACHABLE_CODE = YES;
				CLANG_WARN__DUPLICATE_METHOD_MATCH = YES;
				COPY_PHASE_STRIP = YES;
				DEBUG_INFORMATION_FORMAT = "dwarf-with-dsym";
				ENABLE_NS_ASSERTIONS = NO;
				ENABLE_STRICT_OBJC_MSGSEND = YES;
				GCC_C_LANGUAGE_STANDARD = gnu99;
				GCC_WARN_64_TO_32_BIT_CONVERSION = YES;
				GCC_WARN_ABOUT_RETURN_TYPE = YES_ERROR;
				GCC_WARN_UNDECLARED_SELECTOR = YES;
				GCC_WARN_UNINITIALIZED_AUTOS = YES_AGGRESSIVE;
				GCC_WARN_UNUSED_FUNCTION = YES;
				GCC_WARN_UNUSED_VARIABLE = YES;
				MACOSX_DEPLOYMENT_TARGET = 10.10;
				MTL_ENABLE_DEBUG_INFO = NO;
				SDKROOT = macosx;
			};
			name = Release;
		};
		501C4C631A9FE4BD0096945D /* Debug */ = {
			isa = XCBuildConfiguration;
			buildSettings = {
				PRODUCT_NAME = "$(TARGET_NAME)";
			};
			name = Debug;
		};
		501C4C641A9FE4BD0096945D /* Release */ = {
			isa = XCBuildConfiguration;
			buildSettings = {
				PRODUCT_NAME = "$(TARGET_NAME)";
			};
			name = Release;
		};
/* End XCBuildConfiguration section */

/* Begin XCConfigurationList section */
		501C4C561A9FE4BD0096945D /* Build configuration list for PBXProject "Circle_class" */ = {
			isa = XCConfigurationList;
			buildConfigurations = (
				501C4C601A9FE4BD0096945D /* Debug */,
				501C4C611A9FE4BD0096945D /* Release */,
			);
			defaultConfigurationIsVisible = 0;
			defaultConfigurationName = Release;
		};
		501C4C621A9FE4BD0096945D /* Build configuration list for PBXNativeTarget "Circle_class" */ = {
			isa = XCConfigurationList;
			buildConfigurations = (
				501C4C631A9FE4BD0096945D /* Debug */,
				501C4C641A9FE4BD0096945D /* Release */,
			);
			defaultConfigurationIsVisible = 0;
		};
/* End XCConfigurationList section */
	};
	rootObject = 501C4C531A9FE4BD0096945D /* Project object */;
}
